
Microsoft Visual Studio Solution File, Format Version 12.00
# Visual Studio Version 16
VisualStudioVersion = 16.0.32228.343
MinimumVisualStudioVersion = 10.0.40219.1
Project("{FAE04EC0-301F-11D3-BF4B-00C04F79EFBC}") = "REST_API_test1", "REST_API_test1.csproj", "{15100838-55F4-4D9D-9024-22BE900BAAAB}"
EndProject
Global
	GlobalSection(SolutionConfigurationPlatforms) = preSolution
		Debug|Any CPU = Debug|Any CPU
		Release|Any CPU = Release|Any CPU
	EndGlobalSection
	GlobalSection(ProjectConfigurationPlatforms) = postSolution
		{15100838-55F4-4D9D-9024-22BE900BAAAB}.Debug|Any CPU.ActiveCfg = Debug|Any CPU
		{15100838-55F4-4D9D-9024-22BE900BAAAB}.Debug|Any CPU.Build.0 = Debug|Any CPU
		{15100838-55F4-4D9D-9024-22BE900BAAAB}.Release|Any CPU.ActiveCfg = Release|Any CPU
		{15100838-55F4-4D9D-9024-22BE900BAAAB}.Release|Any CPU.Build.0 = Release|Any CPU
	EndGlobalSection
	GlobalSection(SolutionProperties) = preSolution
		HideSolutionNode = FALSE
	EndGlobalSection
	GlobalSection(ExtensibilityGlobals) = postSolution
		SolutionGuid = {444445AF-9252-4F3B-9545-FFEE54B19948}
	EndGlobalSection
EndGlobal
